
Microsoft Visual Studio Solution File, Format Version 12.00
# Visual Studio Version 17
VisualStudioVersion = 17.9.34607.119
MinimumVisualStudioVersion = 10.0.40219.1
Project("{FAE04EC0-301F-11D3-BF4B-00C04F79EFBC}") = "HelloAutomationKit", "HelloAutomationKit\HelloAutomationKit.csproj", "{84E5BBA2-B7F0-4BA6-BEAA-F246AEBB9743}"
EndProject
Global
	GlobalSection(SolutionConfigurationPlatforms) = preSolution
		Debug|Any CPU = Debug|Any CPU
		Release|Any CPU = Release|Any CPU
	EndGlobalSection
	GlobalSection(ProjectConfigurationPlatforms) = postSolution
		{84E5BBA2-B7F0-4BA6-BEAA-F246AEBB9743}.Debug|Any CPU.ActiveCfg = Debug|Any CPU
		{84E5BBA2-B7F0-4BA6-BEAA-F246AEBB9743}.Debug|Any CPU.Build.0 = Debug|Any CPU
		{84E5BBA2-B7F0-4BA6-BEAA-F246AEBB9743}.Release|Any CPU.ActiveCfg = Release|Any CPU
		{84E5BBA2-B7F0-4BA6-BEAA-F246AEBB9743}.Release|Any CPU.Build.0 = Release|Any CPU
	EndGlobalSection
	GlobalSection(SolutionProperties) = preSolution
		HideSolutionNode = FALSE
	EndGlobalSection
	GlobalSection(ExtensibilityGlobals) = postSolution
		SolutionGuid = {171904F8-AAD9-4EB6-A477-7B0A89A9469B}
	EndGlobalSection
EndGlobal
